
Microsoft Visual Studio Solution File, Format Version 12.00
# Visual Studio 15
VisualStudioVersion = 15.0.27130.2024
MinimumVisualStudioVersion = 10.0.40219.1
Project("{2150E333-8FDC-42A3-9474-1A3956D46DE8}") = "BackEnd", "BackEnd", "{CD936580-ED9D-4310-9D7F-EF5E5D3BB575}"
EndProject
Project("{2150E333-8FDC-42A3-9474-1A3956D46DE8}") = "CrossCutting", "CrossCutting", "{D1602546-1CCC-43F4-9737-7BBAF776043E}"
EndProject
Project("{2150E333-8FDC-42A3-9474-1A3956D46DE8}") = "FrontEnd", "FrontEnd", "{26905DB1-23C1-496F-9B4E-335079ECEC70}"
EndProject
Project("{2150E333-8FDC-42A3-9474-1A3956D46DE8}") = "Model", "Model", "{6CC28D54-260C-4CBD-9C8A-1792EFFE426B}"
EndProject
Project("{2150E333-8FDC-42A3-9474-1A3956D46DE8}") = "Tests", "Tests", "{9101F3F7-6952-4736-957E-439BE4752D87}"
EndProject
Project("{FAE04EC0-301F-11D3-BF4B-00C04F79EFBC}") = "SPPC.Workflow.Unity", "SPPC.Workflow.Unity\SPPC.Workflow.Unity.csproj", "{52B191F0-7CD8-47AD-8F02-F2993814B094}"
EndProject
Project("{FAE04EC0-301F-11D3-BF4B-00C04F79EFBC}") = "SPPC.Workflow.Interfaces", "SPPC.Workflow.Interfaces\SPPC.Workflow.Interfaces.csproj", "{82FAA97D-9661-4C01-BBA8-9E3F8457A53B}"
EndProject
Project("{FAE04EC0-301F-11D3-BF4B-00C04F79EFBC}") = "SPPC.Workflow.Common", "SPPC.Workflow.Common\SPPC.Workflow.Common.csproj", "{95D4D9F3-CA68-40FB-9C11-BA46E02FABBC}"
EndProject
Project("{FAE04EC0-301F-11D3-BF4B-00C04F79EFBC}") = "SPPC.Workflow.Service", "SPPC.Workflow.Service\SPPC.Workflow.Service.csproj", "{DF5BFD44-A4CB-48A6-B526-55B5E52B2DCA}"
EndProject
Project("{2150E333-8FDC-42A3-9474-1A3956D46DE8}") = "Solution Items", "Solution Items", "{D5A4D20A-F4FC-4FBD-AC01-E605ECFB48BC}"
	ProjectSection(SolutionItems) = preProject
		WorkflowSolutionInfo.cs = WorkflowSolutionInfo.cs
	EndProjectSection
EndProject
Project("{FAE04EC0-301F-11D3-BF4B-00C04F79EFBC}") = "SPPC.Workflow.Design", "SPPC.Workflow.Design\SPPC.Workflow.Design.csproj", "{4CA4BCE4-9D14-4CFD-A674-2C9A96E8F11F}"
EndProject
Project("{FAE04EC0-301F-11D3-BF4B-00C04F79EFBC}") = "SPPC.Workflow.Manager", "SPPC.Workflow.Manager\SPPC.Workflow.Manager.csproj", "{72964085-9AA7-4F6E-A3E9-548F2176EFEC}"
EndProject
Project("{2150E333-8FDC-42A3-9474-1A3956D46DE8}") = "Tadbir", "Tadbir", "{35A5DC5B-BC31-454D-8171-4DB31171CF3F}"
EndProject
Project("{FAE04EC0-301F-11D3-BF4B-00C04F79EFBC}") = "SPPC.Tadbir.Activities", "SPPC.Tadbir.Activities\SPPC.Tadbir.Activities.csproj", "{7C6F0149-F111-4440-9B0F-4BEC2BE8BA7D}"
EndProject
Project("{FAE04EC0-301F-11D3-BF4B-00C04F79EFBC}") = "SPPC.Tadbir.WorkflowService", "SPPC.Tadbir.WorkflowService\SPPC.Tadbir.WorkflowService.csproj", "{C18F1815-AA59-4098-A0F4-955BCC4DE662}"
EndProject
Project("{FAE04EC0-301F-11D3-BF4B-00C04F79EFBC}") = "SPPC.Workflow.Mapper", "SPPC.Workflow.Mapper\SPPC.Workflow.Mapper.csproj", "{80B64D24-CB03-4EBC-B2F4-B53CD4908975}"
EndProject
Global
	GlobalSection(SolutionConfigurationPlatforms) = preSolution
		Debug|Any CPU = Debug|Any CPU
		Release|Any CPU = Release|Any CPU
	EndGlobalSection
	GlobalSection(ProjectConfigurationPlatforms) = postSolution
		{52B191F0-7CD8-47AD-8F02-F2993814B094}.Debug|Any CPU.ActiveCfg = Debug|Any CPU
		{52B191F0-7CD8-47AD-8F02-F2993814B094}.Debug|Any CPU.Build.0 = Debug|Any CPU
		{52B191F0-7CD8-47AD-8F02-F2993814B094}.Release|Any CPU.ActiveCfg = Release|Any CPU
		{52B191F0-7CD8-47AD-8F02-F2993814B094}.Release|Any CPU.Build.0 = Release|Any CPU
		{82FAA97D-9661-4C01-BBA8-9E3F8457A53B}.Debug|Any CPU.ActiveCfg = Debug|Any CPU
		{82FAA97D-9661-4C01-BBA8-9E3F8457A53B}.Debug|Any CPU.Build.0 = Debug|Any CPU
		{82FAA97D-9661-4C01-BBA8-9E3F8457A53B}.Release|Any CPU.ActiveCfg = Release|Any CPU
		{82FAA97D-9661-4C01-BBA8-9E3F8457A53B}.Release|Any CPU.Build.0 = Release|Any CPU
		{95D4D9F3-CA68-40FB-9C11-BA46E02FABBC}.Debug|Any CPU.ActiveCfg = Debug|Any CPU
		{95D4D9F3-CA68-40FB-9C11-BA46E02FABBC}.Debug|Any CPU.Build.0 = Debug|Any CPU
		{95D4D9F3-CA68-40FB-9C11-BA46E02FABBC}.Release|Any CPU.ActiveCfg = Release|Any CPU
		{95D4D9F3-CA68-40FB-9C11-BA46E02FABBC}.Release|Any CPU.Build.0 = Release|Any CPU
		{DF5BFD44-A4CB-48A6-B526-55B5E52B2DCA}.Debug|Any CPU.ActiveCfg = Debug|Any CPU
		{DF5BFD44-A4CB-48A6-B526-55B5E52B2DCA}.Debug|Any CPU.Build.0 = Debug|Any CPU
		{DF5BFD44-A4CB-48A6-B526-55B5E52B2DCA}.Release|Any CPU.ActiveCfg = Release|Any CPU
		{DF5BFD44-A4CB-48A6-B526-55B5E52B2DCA}.Release|Any CPU.Build.0 = Release|Any CPU
		{4CA4BCE4-9D14-4CFD-A674-2C9A96E8F11F}.Debug|Any CPU.ActiveCfg = Debug|Any CPU
		{4CA4BCE4-9D14-4CFD-A674-2C9A96E8F11F}.Debug|Any CPU.Build.0 = Debug|Any CPU
		{4CA4BCE4-9D14-4CFD-A674-2C9A96E8F11F}.Release|Any CPU.ActiveCfg = Release|Any CPU
		{4CA4BCE4-9D14-4CFD-A674-2C9A96E8F11F}.Release|Any CPU.Build.0 = Release|Any CPU
		{72964085-9AA7-4F6E-A3E9-548F2176EFEC}.Debug|Any CPU.ActiveCfg = Debug|Any CPU
		{72964085-9AA7-4F6E-A3E9-548F2176EFEC}.Debug|Any CPU.Build.0 = Debug|Any CPU
		{72964085-9AA7-4F6E-A3E9-548F2176EFEC}.Release|Any CPU.ActiveCfg = Release|Any CPU
		{72964085-9AA7-4F6E-A3E9-548F2176EFEC}.Release|Any CPU.Build.0 = Release|Any CPU
		{7C6F0149-F111-4440-9B0F-4BEC2BE8BA7D}.Debug|Any CPU.ActiveCfg = Debug|Any CPU
		{7C6F0149-F111-4440-9B0F-4BEC2BE8BA7D}.Debug|Any CPU.Build.0 = Debug|Any CPU
		{7C6F0149-F111-4440-9B0F-4BEC2BE8BA7D}.Release|Any CPU.ActiveCfg = Release|Any CPU
		{7C6F0149-F111-4440-9B0F-4BEC2BE8BA7D}.Release|Any CPU.Build.0 = Release|Any CPU
		{C18F1815-AA59-4098-A0F4-955BCC4DE662}.Debug|Any CPU.ActiveCfg = Debug|Any CPU
		{C18F1815-AA59-4098-A0F4-955BCC4DE662}.Debug|Any CPU.Build.0 = Debug|Any CPU
		{C18F1815-AA59-4098-A0F4-955BCC4DE662}.Release|Any CPU.ActiveCfg = Release|Any CPU
		{C18F1815-AA59-4098-A0F4-955BCC4DE662}.Release|Any CPU.Build.0 = Release|Any CPU
		{80B64D24-CB03-4EBC-B2F4-B53CD4908975}.Debug|Any CPU.ActiveCfg = Debug|Any CPU
		{80B64D24-CB03-4EBC-B2F4-B53CD4908975}.Debug|Any CPU.Build.0 = Debug|Any CPU
		{80B64D24-CB03-4EBC-B2F4-B53CD4908975}.Release|Any CPU.ActiveCfg = Release|Any CPU
		{80B64D24-CB03-4EBC-B2F4-B53CD4908975}.Release|Any CPU.Build.0 = Release|Any CPU
	EndGlobalSection
	GlobalSection(SolutionProperties) = preSolution
		HideSolutionNode = FALSE
	EndGlobalSection
	GlobalSection(NestedProjects) = preSolution
		{52B191F0-7CD8-47AD-8F02-F2993814B094} = {D1602546-1CCC-43F4-9737-7BBAF776043E}
		{82FAA97D-9661-4C01-BBA8-9E3F8457A53B} = {D1602546-1CCC-43F4-9737-7BBAF776043E}
		{95D4D9F3-CA68-40FB-9C11-BA46E02FABBC} = {D1602546-1CCC-43F4-9737-7BBAF776043E}
		{DF5BFD44-A4CB-48A6-B526-55B5E52B2DCA} = {CD936580-ED9D-4310-9D7F-EF5E5D3BB575}
		{4CA4BCE4-9D14-4CFD-A674-2C9A96E8F11F} = {26905DB1-23C1-496F-9B4E-335079ECEC70}
		{72964085-9AA7-4F6E-A3E9-548F2176EFEC} = {26905DB1-23C1-496F-9B4E-335079ECEC70}
		{7C6F0149-F111-4440-9B0F-4BEC2BE8BA7D} = {35A5DC5B-BC31-454D-8171-4DB31171CF3F}
		{C18F1815-AA59-4098-A0F4-955BCC4DE662} = {35A5DC5B-BC31-454D-8171-4DB31171CF3F}
		{80B64D24-CB03-4EBC-B2F4-B53CD4908975} = {6CC28D54-260C-4CBD-9C8A-1792EFFE426B}
	EndGlobalSection
	GlobalSection(ExtensibilityGlobals) = postSolution
		SolutionGuid = {3049E60B-0ED9-451E-B342-9765C775ED3F}
	EndGlobalSection
EndGlobal
