
Microsoft Visual Studio Solution File, Format Version 12.00
# Visual Studio 15
VisualStudioVersion = 15.0.27004.2008
MinimumVisualStudioVersion = 10.0.40219.1
Project("{2150E333-8FDC-42A3-9474-1A3956D46DE8}") = "Framework", "Framework", "{B7A38D32-B537-4AD3-8C4F-62CC0C9D4779}"
EndProject
Project("{2150E333-8FDC-42A3-9474-1A3956D46DE8}") = "Tadbir", "Tadbir", "{F24C9949-B5B0-4D72-877D-5E3B73C754A0}"
EndProject
Project("{2150E333-8FDC-42A3-9474-1A3956D46DE8}") = "BackEnd", "BackEnd", "{A0791FB8-7664-4E79-8ACF-921F38F71D4B}"
EndProject
Project("{2150E333-8FDC-42A3-9474-1A3956D46DE8}") = "CrossCutting", "CrossCutting", "{CCBE656B-1044-40EC-A241-6D8E72E4459F}"
EndProject
Project("{2150E333-8FDC-42A3-9474-1A3956D46DE8}") = "FrontEnd", "FrontEnd", "{C27C23EB-B199-4F32-8485-00C411F8570F}"
EndProject
Project("{2150E333-8FDC-42A3-9474-1A3956D46DE8}") = "Model", "Model", "{E595CA7E-69A6-44B7-8C54-90F642D8658D}"
EndProject
Project("{2150E333-8FDC-42A3-9474-1A3956D46DE8}") = "Tests", "Tests", "{1AAF39EC-DFF1-4287-B88E-9DF2B06EDC1E}"
EndProject
Project("{2150E333-8FDC-42A3-9474-1A3956D46DE8}") = "BackEnd", "BackEnd", "{F1297F8E-F5D9-4FC0-A55C-48642E81478E}"
EndProject
Project("{2150E333-8FDC-42A3-9474-1A3956D46DE8}") = "CrossCutting", "CrossCutting", "{E40B1FB5-351D-4D9F-B032-A5363ACA0040}"
EndProject
Project("{2150E333-8FDC-42A3-9474-1A3956D46DE8}") = "FrontEnd", "FrontEnd", "{E39A066F-1EDE-49A4-868E-A1D05D8C93B1}"
EndProject
Project("{2150E333-8FDC-42A3-9474-1A3956D46DE8}") = "Model", "Model", "{7B165F9B-3076-4F08-9274-CB216DAFC592}"
EndProject
Project("{2150E333-8FDC-42A3-9474-1A3956D46DE8}") = "Tests", "Tests", "{F89B23F5-4942-48A3-9537-ED08B9C99F2B}"
EndProject
Project("{FAE04EC0-301F-11D3-BF4B-00C04F79EFBC}") = "SPPC.Tadbir.Common", "SPPC.Tadbir.Common\SPPC.Tadbir.Common.csproj", "{B2C50BB5-CD95-4456-85C1-3F29EA6D119A}"
EndProject
Project("{FAE04EC0-301F-11D3-BF4B-00C04F79EFBC}") = "SPPC.Framework.Common", "SPPC.Framework.Common\SPPC.Framework.Common.csproj", "{18C0B0DA-DB22-4482-B6B7-B98D4DECD8B4}"
EndProject
Global
	GlobalSection(SolutionConfigurationPlatforms) = preSolution
		Debug|Any CPU = Debug|Any CPU
		Release|Any CPU = Release|Any CPU
	EndGlobalSection
	GlobalSection(ProjectConfigurationPlatforms) = postSolution
		{B2C50BB5-CD95-4456-85C1-3F29EA6D119A}.Debug|Any CPU.ActiveCfg = Debug|Any CPU
		{B2C50BB5-CD95-4456-85C1-3F29EA6D119A}.Debug|Any CPU.Build.0 = Debug|Any CPU
		{B2C50BB5-CD95-4456-85C1-3F29EA6D119A}.Release|Any CPU.ActiveCfg = Release|Any CPU
		{B2C50BB5-CD95-4456-85C1-3F29EA6D119A}.Release|Any CPU.Build.0 = Release|Any CPU
		{18C0B0DA-DB22-4482-B6B7-B98D4DECD8B4}.Debug|Any CPU.ActiveCfg = Debug|Any CPU
		{18C0B0DA-DB22-4482-B6B7-B98D4DECD8B4}.Debug|Any CPU.Build.0 = Debug|Any CPU
		{18C0B0DA-DB22-4482-B6B7-B98D4DECD8B4}.Release|Any CPU.ActiveCfg = Release|Any CPU
		{18C0B0DA-DB22-4482-B6B7-B98D4DECD8B4}.Release|Any CPU.Build.0 = Release|Any CPU
	EndGlobalSection
	GlobalSection(SolutionProperties) = preSolution
		HideSolutionNode = FALSE
	EndGlobalSection
	GlobalSection(NestedProjects) = preSolution
		{A0791FB8-7664-4E79-8ACF-921F38F71D4B} = {B7A38D32-B537-4AD3-8C4F-62CC0C9D4779}
		{CCBE656B-1044-40EC-A241-6D8E72E4459F} = {B7A38D32-B537-4AD3-8C4F-62CC0C9D4779}
		{C27C23EB-B199-4F32-8485-00C411F8570F} = {B7A38D32-B537-4AD3-8C4F-62CC0C9D4779}
		{E595CA7E-69A6-44B7-8C54-90F642D8658D} = {B7A38D32-B537-4AD3-8C4F-62CC0C9D4779}
		{1AAF39EC-DFF1-4287-B88E-9DF2B06EDC1E} = {B7A38D32-B537-4AD3-8C4F-62CC0C9D4779}
		{F1297F8E-F5D9-4FC0-A55C-48642E81478E} = {F24C9949-B5B0-4D72-877D-5E3B73C754A0}
		{E40B1FB5-351D-4D9F-B032-A5363ACA0040} = {F24C9949-B5B0-4D72-877D-5E3B73C754A0}
		{E39A066F-1EDE-49A4-868E-A1D05D8C93B1} = {F24C9949-B5B0-4D72-877D-5E3B73C754A0}
		{7B165F9B-3076-4F08-9274-CB216DAFC592} = {F24C9949-B5B0-4D72-877D-5E3B73C754A0}
		{F89B23F5-4942-48A3-9537-ED08B9C99F2B} = {F24C9949-B5B0-4D72-877D-5E3B73C754A0}
		{B2C50BB5-CD95-4456-85C1-3F29EA6D119A} = {E40B1FB5-351D-4D9F-B032-A5363ACA0040}
		{18C0B0DA-DB22-4482-B6B7-B98D4DECD8B4} = {CCBE656B-1044-40EC-A241-6D8E72E4459F}
	EndGlobalSection
	GlobalSection(ExtensibilityGlobals) = postSolution
		SolutionGuid = {1D717D5C-5BCF-401B-A4A8-D0B263F70830}
	EndGlobalSection
EndGlobal
