
Microsoft Visual Studio Solution File, Format Version 12.00
# Visual Studio Version 16
VisualStudioVersion = 16.0.31613.86
MinimumVisualStudioVersion = 10.0.40219.1
Project("{9A19103F-16F7-4668-BE54-9A1E7A4F7556}") = "SPPC.Framework.Common", "SPPC.Framework.Common\SPPC.Framework.Common.csproj", "{68DE8264-2BD7-4573-B031-869F6864041A}"
EndProject
Project("{2150E333-8FDC-42A3-9474-1A3956D46DE8}") = "Solution Items", "Solution Items", "{03029671-33D8-4B8A-911C-BB9B71B79F83}"
	ProjectSection(SolutionItems) = preProject
		FrameworkSolutionInfo.cs = FrameworkSolutionInfo.cs
		PrePostBuild.txt = PrePostBuild.txt
		TadbirSolutionInfo.cs = TadbirSolutionInfo.cs
	EndProjectSection
EndProject
Project("{2150E333-8FDC-42A3-9474-1A3956D46DE8}") = "Framework", "Framework", "{10963523-5CD8-4295-94A6-10CC5820FA50}"
EndProject
Project("{2150E333-8FDC-42A3-9474-1A3956D46DE8}") = "CrossCutting", "CrossCutting", "{E58D4B0E-EC52-4396-8A45-0FB69433D4F4}"
EndProject
Project("{9A19103F-16F7-4668-BE54-9A1E7A4F7556}") = "SPPC.Framework.Interfaces", "SPPC.Framework.Interfaces\SPPC.Framework.Interfaces.csproj", "{FB0F3F8C-DCCC-4CF4-AF73-63A81F690710}"
EndProject
Project("{9A19103F-16F7-4668-BE54-9A1E7A4F7556}") = "SPPC.Framework.Cryptography", "SPPC.Framework.Cryptography\SPPC.Framework.Cryptography.csproj", "{749072C6-D7A4-4C99-9C70-F4ED9B2383D6}"
EndProject
Project("{2150E333-8FDC-42A3-9474-1A3956D46DE8}") = "BackEnd", "BackEnd", "{DBA43C8B-22F7-42C2-BC47-9A65FA939272}"
EndProject
Project("{9A19103F-16F7-4668-BE54-9A1E7A4F7556}") = "SPPC.Framework.Persistence", "SPPC.Framework.Persistence\SPPC.Framework.Persistence.csproj", "{22069CB9-5103-4D22-8981-F5669E94FD1E}"
EndProject
Project("{9A19103F-16F7-4668-BE54-9A1E7A4F7556}") = "SPPC.Framework.Service", "SPPC.Framework.Service\SPPC.Framework.Service.csproj", "{52D06A6E-BD97-4978-8B58-BF2C12D9FDE2}"
EndProject
Project("{2150E333-8FDC-42A3-9474-1A3956D46DE8}") = "Tadbir", "Tadbir", "{51AE6990-0EA7-4322-BE55-AC0B96C5BC69}"
EndProject
Project("{2150E333-8FDC-42A3-9474-1A3956D46DE8}") = "CrossCutting", "CrossCutting", "{EEE5370A-5C2C-4209-ABC2-FBF2A72B0B68}"
EndProject
Project("{9A19103F-16F7-4668-BE54-9A1E7A4F7556}") = "SPPC.Tadbir.Resources", "SPPC.Tadbir.Resources\SPPC.Tadbir.Resources.csproj", "{6C1D578B-BC62-4DFF-B22C-64B7F72DF753}"
EndProject
Project("{9A19103F-16F7-4668-BE54-9A1E7A4F7556}") = "SPPC.Tadbir.Common", "SPPC.Tadbir.Common\SPPC.Tadbir.Common.csproj", "{23BEC72E-6CDD-4B71-8F5D-483B02D4DB90}"
EndProject
Project("{9A19103F-16F7-4668-BE54-9A1E7A4F7556}") = "SPPC.Tadbir.Configuration", "SPPC.Tadbir.Configuration\SPPC.Tadbir.Configuration.csproj", "{CB582753-4B4E-4A40-BBE6-2FDD63F6B48E}"
EndProject
Project("{2150E333-8FDC-42A3-9474-1A3956D46DE8}") = "Licensing", "Licensing", "{E0204D9F-BF99-45AF-B8CB-9D28395D6A67}"
EndProject
Project("{2150E333-8FDC-42A3-9474-1A3956D46DE8}") = "CrossCutting", "CrossCutting", "{8DE40AFA-A464-4010-B352-14E13850F87B}"
EndProject
Project("{2150E333-8FDC-42A3-9474-1A3956D46DE8}") = "Model", "Model", "{B9C993D7-2FA9-4302-BD65-0D540D74B60E}"
EndProject
Project("{9A19103F-16F7-4668-BE54-9A1E7A4F7556}") = "SPPC.Tadbir.ViewModel", "SPPC.Tadbir.ViewModel\SPPC.Tadbir.ViewModel.csproj", "{F655A4A5-D2A7-4000-A7FF-CED28C8EF7A6}"
EndProject
Project("{9A19103F-16F7-4668-BE54-9A1E7A4F7556}") = "SPPC.Licensing.Model", "SPPC.Licensing.Model\SPPC.Licensing.Model.csproj", "{E0E450F5-980D-4AF8-B84F-2EFBC98AA3DE}"
EndProject
Project("{9A19103F-16F7-4668-BE54-9A1E7A4F7556}") = "SPPC.Tadbir.Interfaces", "SPPC.Tadbir.Interfaces\SPPC.Tadbir.Interfaces.csproj", "{DD7BB068-3CFB-45C1-AF38-096BA2A1D1BE}"
EndProject
Project("{9A19103F-16F7-4668-BE54-9A1E7A4F7556}") = "SPPC.Tadbir.Model", "SPPC.Tadbir.Model\SPPC.Tadbir.Model.csproj", "{E73EAC7A-EAAF-4760-932E-5E355BCCF93D}"
EndProject
Project("{9A19103F-16F7-4668-BE54-9A1E7A4F7556}") = "SPPC.Tadbir.Mapper", "SPPC.Tadbir.Mapper\SPPC.Tadbir.Mapper.csproj", "{AEFAC691-AA4A-4FFF-A2E3-915AD4754F15}"
EndProject
Project("{9A19103F-16F7-4668-BE54-9A1E7A4F7556}") = "SPPC.Tadbir.CrossCutting", "SPPC.Tadbir.CrossCutting\SPPC.Tadbir.CrossCutting.csproj", "{F828011B-E85C-40DA-864B-FBCABBF16750}"
EndProject
Project("{2150E333-8FDC-42A3-9474-1A3956D46DE8}") = "Tools", "Tools", "{3CD0D026-F011-48CB-913A-3AE1AFA212B8}"
EndProject
Project("{9A19103F-16F7-4668-BE54-9A1E7A4F7556}") = "SPPC.Licensing.Interfaces", "SPPC.Licensing.Interfaces\SPPC.Licensing.Interfaces.csproj", "{2ACCC1DA-C770-4C69-BB61-412D75EA6B13}"
EndProject
Project("{2150E333-8FDC-42A3-9474-1A3956D46DE8}") = "BackEnd", "BackEnd", "{DAAE83BF-9318-4029-9A6D-E8EB759DB89C}"
EndProject
Project("{9A19103F-16F7-4668-BE54-9A1E7A4F7556}") = "SPPC.Licensing.Persistence", "SPPC.Licensing.Persistence\SPPC.Licensing.Persistence.csproj", "{2F39F910-64F2-4A52-A560-B38C8321F4D5}"
EndProject
Project("{9A19103F-16F7-4668-BE54-9A1E7A4F7556}") = "SPPC.Licensing.Service", "SPPC.Licensing.Service\SPPC.Licensing.Service.csproj", "{25654693-3094-4A56-96BC-D520D7656A77}"
EndProject
Project("{2150E333-8FDC-42A3-9474-1A3956D46DE8}") = "BackEnd", "BackEnd", "{37C561C2-BFF2-4318-A4FE-FD81EA82498F}"
EndProject
Project("{9A19103F-16F7-4668-BE54-9A1E7A4F7556}") = "SPPC.Tadbir.Persistence", "SPPC.Tadbir.Persistence\SPPC.Tadbir.Persistence.csproj", "{151753E6-8055-4ABA-8F97-D04FF42BFAAA}"
EndProject
Project("{9A19103F-16F7-4668-BE54-9A1E7A4F7556}") = "SPPC.Tadbir.Service", "SPPC.Tadbir.Service\SPPC.Tadbir.Service.csproj", "{14816AA4-B514-47CC-A275-929FC490F17B}"
EndProject
Project("{9A19103F-16F7-4668-BE54-9A1E7A4F7556}") = "SPPC.Tools.Model", "SPPC.Tools.Model\SPPC.Tools.Model.csproj", "{74FEFBDB-EA85-4264-9BCC-14F6608269D9}"
EndProject
Project("{9A19103F-16F7-4668-BE54-9A1E7A4F7556}") = "SPPC.Tools.MetaDesigner", "SPPC.Tools.MetaDesigner\SPPC.Tools.MetaDesigner.csproj", "{BA19A4F4-DE75-46E8-94C2-A5AB3616116D}"
EndProject
Project("{9A19103F-16F7-4668-BE54-9A1E7A4F7556}") = "SPPC.Tools.LicenseManager", "SPPC.Tools.LicenseManager\SPPC.Tools.LicenseManager.csproj", "{68247E53-B86B-4651-83A3-2CF488499B89}"
EndProject
Project("{9A19103F-16F7-4668-BE54-9A1E7A4F7556}") = "SPPC.Tools.SystemDesigner", "SPPC.Tools.SystemDesigner\SPPC.Tools.SystemDesigner.csproj", "{0F3D66AA-BA38-44E5-820F-8C7C2712D09B}"
EndProject
Project("{9A19103F-16F7-4668-BE54-9A1E7A4F7556}") = "SPPC.Licensing.Web", "SPPC.Licensing.Web\SPPC.Licensing.Web.csproj", "{1B0428C5-B9A9-406E-A82B-7BFC59B958C9}"
EndProject
Project("{9A19103F-16F7-4668-BE54-9A1E7A4F7556}") = "SPPC.Licensing.Local.Web", "SPPC.Licensing.Local.Web\SPPC.Licensing.Local.Web.csproj", "{A49D5CEB-5746-4D3F-AD5A-647AC732A865}"
EndProject
Project("{9A19103F-16F7-4668-BE54-9A1E7A4F7556}") = "SPPC.Tadbir.Web.Api", "SPPC.Tadbir.Web.Api\SPPC.Tadbir.Web.Api.csproj", "{D40E30A3-739B-4539-91BB-971CBE306024}"
EndProject
Project("{2150E333-8FDC-42A3-9474-1A3956D46DE8}") = "Tests", "Tests", "{91079740-33A7-45C8-9648-23617A5F1CD3}"
EndProject
Project("{9A19103F-16F7-4668-BE54-9A1E7A4F7556}") = "SPPC.Framework.Tests", "SPPC.Framework.Tests\SPPC.Framework.Tests.csproj", "{8B38456C-392D-4A58-86D4-D85F59E5B6A8}"
EndProject
Project("{2150E333-8FDC-42A3-9474-1A3956D46DE8}") = "Tests", "Tests", "{78626F6D-EB18-4881-932E-AD839A5B2561}"
EndProject
Project("{9A19103F-16F7-4668-BE54-9A1E7A4F7556}") = "SPPC.Tadbir.Tests", "SPPC.Tadbir.Tests\SPPC.Tadbir.Tests.csproj", "{11DC5947-03AD-4E9E-BA01-4607A89ED154}"
EndProject
Project("{2150E333-8FDC-42A3-9474-1A3956D46DE8}") = "FrontEnd", "FrontEnd", "{8CE7B6BD-8BBC-49DA-AB7C-BEB44AFE7912}"
EndProject
Project("{9A19103F-16F7-4668-BE54-9A1E7A4F7556}") = "SPPC.Tools.Transforms", "SPPC.Tools.Transforms\SPPC.Tools.Transforms.csproj", "{CDB096C2-5D83-4CE3-9099-74A69075CC29}"
EndProject
Project("{9A19103F-16F7-4668-BE54-9A1E7A4F7556}") = "SPPC.Tools.SystemDesignerCli", "SPPC.Tools.SystemDesignerCli\SPPC.Tools.SystemDesignerCli.csproj", "{CA8BDDFE-4B13-4DD0-B89E-F3E473A82E6A}"
EndProject
Project("{9A19103F-16F7-4668-BE54-9A1E7A4F7556}") = "SPPC.Tadbir.Web", "SPPC.Tadbir.Web\SPPC.Tadbir.Web.csproj", "{3BBFF2DA-AF8A-4DA2-8180-E29832FBB09C}"
EndProject
Project("{E53339B2-1760-4266-BCC7-CA923CBCF16C}") = "docker-compose", "docker-compose.dcproj", "{0FED836D-D98C-4F62-B0DB-B55FB80DCA52}"
EndProject
Project("{9A19103F-16F7-4668-BE54-9A1E7A4F7556}") = "SPPC.Tools.TadbirDbConverter", "SPPC.Tools.TadbirDbConverter\SPPC.Tools.TadbirDbConverter.csproj", "{A573AFD2-4119-4E70-A732-64866A9414D0}"
EndProject
Project("{2150E333-8FDC-42A3-9474-1A3956D46DE8}") = "BackEnd", "BackEnd", "{E0E5F15E-CEFC-47F7-8F51-C364E9313A65}"
EndProject
Project("{2150E333-8FDC-42A3-9474-1A3956D46DE8}") = "CrossCutting", "CrossCutting", "{9A2A7A39-41F5-4A0A-B932-D8447A4531AC}"
EndProject
Project("{2150E333-8FDC-42A3-9474-1A3956D46DE8}") = "FrontEnd", "FrontEnd", "{51995D4F-493E-4589-B7A2-A5101BBF2FF0}"
EndProject
Project("{9A19103F-16F7-4668-BE54-9A1E7A4F7556}") = "SPPC.Framework.KeyServer", "SPPC.Framework.KeyServer\SPPC.Framework.KeyServer.csproj", "{C8725365-FC6E-4EAE-9C6B-02AFE4AE85F7}"
EndProject
Project("{9A19103F-16F7-4668-BE54-9A1E7A4F7556}") = "SPPC.Tadbir.WinRunner", "SPPC.Tadbir.WinRunner\SPPC.Tadbir.WinRunner.csproj", "{75B78E3D-C511-4206-902F-F4DE4452E0F8}"
EndProject
Project("{9A19103F-16F7-4668-BE54-9A1E7A4F7556}") = "SPPC.Tools.Utility", "SPPC.Tools.Utility\SPPC.Tools.Utility.csproj", "{90EF9D51-4B86-4C48-978A-CBE2D628C620}"
EndProject
Project("{9A19103F-16F7-4668-BE54-9A1E7A4F7556}") = "SPPC.Tools.BuildServer", "SPPC.Tools.BuildServer\SPPC.Tools.BuildServer.csproj", "{3F6C56B1-AAC2-4AA1-A277-AF9D9F75FD71}"
EndProject
Global
	GlobalSection(SolutionConfigurationPlatforms) = preSolution
		Debug|Any CPU = Debug|Any CPU
		Release|Any CPU = Release|Any CPU
	EndGlobalSection
	GlobalSection(ProjectConfigurationPlatforms) = postSolution
		{68DE8264-2BD7-4573-B031-869F6864041A}.Debug|Any CPU.ActiveCfg = Debug|Any CPU
		{68DE8264-2BD7-4573-B031-869F6864041A}.Debug|Any CPU.Build.0 = Debug|Any CPU
		{68DE8264-2BD7-4573-B031-869F6864041A}.Release|Any CPU.ActiveCfg = Release|Any CPU
		{68DE8264-2BD7-4573-B031-869F6864041A}.Release|Any CPU.Build.0 = Release|Any CPU
		{FB0F3F8C-DCCC-4CF4-AF73-63A81F690710}.Debug|Any CPU.ActiveCfg = Debug|Any CPU
		{FB0F3F8C-DCCC-4CF4-AF73-63A81F690710}.Debug|Any CPU.Build.0 = Debug|Any CPU
		{FB0F3F8C-DCCC-4CF4-AF73-63A81F690710}.Release|Any CPU.ActiveCfg = Release|Any CPU
		{FB0F3F8C-DCCC-4CF4-AF73-63A81F690710}.Release|Any CPU.Build.0 = Release|Any CPU
		{749072C6-D7A4-4C99-9C70-F4ED9B2383D6}.Debug|Any CPU.ActiveCfg = Debug|Any CPU
		{749072C6-D7A4-4C99-9C70-F4ED9B2383D6}.Debug|Any CPU.Build.0 = Debug|Any CPU
		{749072C6-D7A4-4C99-9C70-F4ED9B2383D6}.Release|Any CPU.ActiveCfg = Release|Any CPU
		{749072C6-D7A4-4C99-9C70-F4ED9B2383D6}.Release|Any CPU.Build.0 = Release|Any CPU
		{22069CB9-5103-4D22-8981-F5669E94FD1E}.Debug|Any CPU.ActiveCfg = Debug|Any CPU
		{22069CB9-5103-4D22-8981-F5669E94FD1E}.Debug|Any CPU.Build.0 = Debug|Any CPU
		{22069CB9-5103-4D22-8981-F5669E94FD1E}.Release|Any CPU.ActiveCfg = Release|Any CPU
		{22069CB9-5103-4D22-8981-F5669E94FD1E}.Release|Any CPU.Build.0 = Release|Any CPU
		{52D06A6E-BD97-4978-8B58-BF2C12D9FDE2}.Debug|Any CPU.ActiveCfg = Debug|Any CPU
		{52D06A6E-BD97-4978-8B58-BF2C12D9FDE2}.Debug|Any CPU.Build.0 = Debug|Any CPU
		{52D06A6E-BD97-4978-8B58-BF2C12D9FDE2}.Release|Any CPU.ActiveCfg = Release|Any CPU
		{52D06A6E-BD97-4978-8B58-BF2C12D9FDE2}.Release|Any CPU.Build.0 = Release|Any CPU
		{6C1D578B-BC62-4DFF-B22C-64B7F72DF753}.Debug|Any CPU.ActiveCfg = Debug|Any CPU
		{6C1D578B-BC62-4DFF-B22C-64B7F72DF753}.Debug|Any CPU.Build.0 = Debug|Any CPU
		{6C1D578B-BC62-4DFF-B22C-64B7F72DF753}.Release|Any CPU.ActiveCfg = Release|Any CPU
		{6C1D578B-BC62-4DFF-B22C-64B7F72DF753}.Release|Any CPU.Build.0 = Release|Any CPU
		{23BEC72E-6CDD-4B71-8F5D-483B02D4DB90}.Debug|Any CPU.ActiveCfg = Debug|Any CPU
		{23BEC72E-6CDD-4B71-8F5D-483B02D4DB90}.Debug|Any CPU.Build.0 = Debug|Any CPU
		{23BEC72E-6CDD-4B71-8F5D-483B02D4DB90}.Release|Any CPU.ActiveCfg = Release|Any CPU
		{23BEC72E-6CDD-4B71-8F5D-483B02D4DB90}.Release|Any CPU.Build.0 = Release|Any CPU
		{CB582753-4B4E-4A40-BBE6-2FDD63F6B48E}.Debug|Any CPU.ActiveCfg = Debug|Any CPU
		{CB582753-4B4E-4A40-BBE6-2FDD63F6B48E}.Debug|Any CPU.Build.0 = Debug|Any CPU
		{CB582753-4B4E-4A40-BBE6-2FDD63F6B48E}.Release|Any CPU.ActiveCfg = Release|Any CPU
		{CB582753-4B4E-4A40-BBE6-2FDD63F6B48E}.Release|Any CPU.Build.0 = Release|Any CPU
		{F655A4A5-D2A7-4000-A7FF-CED28C8EF7A6}.Debug|Any CPU.ActiveCfg = Debug|Any CPU
		{F655A4A5-D2A7-4000-A7FF-CED28C8EF7A6}.Debug|Any CPU.Build.0 = Debug|Any CPU
		{F655A4A5-D2A7-4000-A7FF-CED28C8EF7A6}.Release|Any CPU.ActiveCfg = Release|Any CPU
		{F655A4A5-D2A7-4000-A7FF-CED28C8EF7A6}.Release|Any CPU.Build.0 = Release|Any CPU
		{E0E450F5-980D-4AF8-B84F-2EFBC98AA3DE}.Debug|Any CPU.ActiveCfg = Debug|Any CPU
		{E0E450F5-980D-4AF8-B84F-2EFBC98AA3DE}.Debug|Any CPU.Build.0 = Debug|Any CPU
		{E0E450F5-980D-4AF8-B84F-2EFBC98AA3DE}.Release|Any CPU.ActiveCfg = Release|Any CPU
		{E0E450F5-980D-4AF8-B84F-2EFBC98AA3DE}.Release|Any CPU.Build.0 = Release|Any CPU
		{DD7BB068-3CFB-45C1-AF38-096BA2A1D1BE}.Debug|Any CPU.ActiveCfg = Debug|Any CPU
		{DD7BB068-3CFB-45C1-AF38-096BA2A1D1BE}.Debug|Any CPU.Build.0 = Debug|Any CPU
		{DD7BB068-3CFB-45C1-AF38-096BA2A1D1BE}.Release|Any CPU.ActiveCfg = Release|Any CPU
		{DD7BB068-3CFB-45C1-AF38-096BA2A1D1BE}.Release|Any CPU.Build.0 = Release|Any CPU
		{E73EAC7A-EAAF-4760-932E-5E355BCCF93D}.Debug|Any CPU.ActiveCfg = Debug|Any CPU
		{E73EAC7A-EAAF-4760-932E-5E355BCCF93D}.Debug|Any CPU.Build.0 = Debug|Any CPU
		{E73EAC7A-EAAF-4760-932E-5E355BCCF93D}.Release|Any CPU.ActiveCfg = Release|Any CPU
		{E73EAC7A-EAAF-4760-932E-5E355BCCF93D}.Release|Any CPU.Build.0 = Release|Any CPU
		{AEFAC691-AA4A-4FFF-A2E3-915AD4754F15}.Debug|Any CPU.ActiveCfg = Debug|Any CPU
		{AEFAC691-AA4A-4FFF-A2E3-915AD4754F15}.Debug|Any CPU.Build.0 = Debug|Any CPU
		{AEFAC691-AA4A-4FFF-A2E3-915AD4754F15}.Release|Any CPU.ActiveCfg = Release|Any CPU
		{AEFAC691-AA4A-4FFF-A2E3-915AD4754F15}.Release|Any CPU.Build.0 = Release|Any CPU
		{F828011B-E85C-40DA-864B-FBCABBF16750}.Debug|Any CPU.ActiveCfg = Debug|Any CPU
		{F828011B-E85C-40DA-864B-FBCABBF16750}.Debug|Any CPU.Build.0 = Debug|Any CPU
		{F828011B-E85C-40DA-864B-FBCABBF16750}.Release|Any CPU.ActiveCfg = Release|Any CPU
		{F828011B-E85C-40DA-864B-FBCABBF16750}.Release|Any CPU.Build.0 = Release|Any CPU
		{2ACCC1DA-C770-4C69-BB61-412D75EA6B13}.Debug|Any CPU.ActiveCfg = Debug|Any CPU
		{2ACCC1DA-C770-4C69-BB61-412D75EA6B13}.Debug|Any CPU.Build.0 = Debug|Any CPU
		{2ACCC1DA-C770-4C69-BB61-412D75EA6B13}.Release|Any CPU.ActiveCfg = Release|Any CPU
		{2ACCC1DA-C770-4C69-BB61-412D75EA6B13}.Release|Any CPU.Build.0 = Release|Any CPU
		{2F39F910-64F2-4A52-A560-B38C8321F4D5}.Debug|Any CPU.ActiveCfg = Debug|Any CPU
		{2F39F910-64F2-4A52-A560-B38C8321F4D5}.Debug|Any CPU.Build.0 = Debug|Any CPU
		{2F39F910-64F2-4A52-A560-B38C8321F4D5}.Release|Any CPU.ActiveCfg = Release|Any CPU
		{2F39F910-64F2-4A52-A560-B38C8321F4D5}.Release|Any CPU.Build.0 = Release|Any CPU
		{25654693-3094-4A56-96BC-D520D7656A77}.Debug|Any CPU.ActiveCfg = Debug|Any CPU
		{25654693-3094-4A56-96BC-D520D7656A77}.Debug|Any CPU.Build.0 = Debug|Any CPU
		{25654693-3094-4A56-96BC-D520D7656A77}.Release|Any CPU.ActiveCfg = Release|Any CPU
		{25654693-3094-4A56-96BC-D520D7656A77}.Release|Any CPU.Build.0 = Release|Any CPU
		{151753E6-8055-4ABA-8F97-D04FF42BFAAA}.Debug|Any CPU.ActiveCfg = Debug|Any CPU
		{151753E6-8055-4ABA-8F97-D04FF42BFAAA}.Debug|Any CPU.Build.0 = Debug|Any CPU
		{151753E6-8055-4ABA-8F97-D04FF42BFAAA}.Release|Any CPU.ActiveCfg = Release|Any CPU
		{151753E6-8055-4ABA-8F97-D04FF42BFAAA}.Release|Any CPU.Build.0 = Release|Any CPU
		{14816AA4-B514-47CC-A275-929FC490F17B}.Debug|Any CPU.ActiveCfg = Debug|Any CPU
		{14816AA4-B514-47CC-A275-929FC490F17B}.Debug|Any CPU.Build.0 = Debug|Any CPU
		{14816AA4-B514-47CC-A275-929FC490F17B}.Release|Any CPU.ActiveCfg = Release|Any CPU
		{14816AA4-B514-47CC-A275-929FC490F17B}.Release|Any CPU.Build.0 = Release|Any CPU
		{74FEFBDB-EA85-4264-9BCC-14F6608269D9}.Debug|Any CPU.ActiveCfg = Debug|Any CPU
		{74FEFBDB-EA85-4264-9BCC-14F6608269D9}.Debug|Any CPU.Build.0 = Debug|Any CPU
		{74FEFBDB-EA85-4264-9BCC-14F6608269D9}.Release|Any CPU.ActiveCfg = Release|Any CPU
		{74FEFBDB-EA85-4264-9BCC-14F6608269D9}.Release|Any CPU.Build.0 = Release|Any CPU
		{BA19A4F4-DE75-46E8-94C2-A5AB3616116D}.Debug|Any CPU.ActiveCfg = Debug|Any CPU
		{BA19A4F4-DE75-46E8-94C2-A5AB3616116D}.Debug|Any CPU.Build.0 = Debug|Any CPU
		{BA19A4F4-DE75-46E8-94C2-A5AB3616116D}.Release|Any CPU.ActiveCfg = Release|Any CPU
		{BA19A4F4-DE75-46E8-94C2-A5AB3616116D}.Release|Any CPU.Build.0 = Release|Any CPU
		{68247E53-B86B-4651-83A3-2CF488499B89}.Debug|Any CPU.ActiveCfg = Debug|Any CPU
		{68247E53-B86B-4651-83A3-2CF488499B89}.Debug|Any CPU.Build.0 = Debug|Any CPU
		{68247E53-B86B-4651-83A3-2CF488499B89}.Release|Any CPU.ActiveCfg = Release|Any CPU
		{68247E53-B86B-4651-83A3-2CF488499B89}.Release|Any CPU.Build.0 = Release|Any CPU
		{0F3D66AA-BA38-44E5-820F-8C7C2712D09B}.Debug|Any CPU.ActiveCfg = Debug|Any CPU
		{0F3D66AA-BA38-44E5-820F-8C7C2712D09B}.Debug|Any CPU.Build.0 = Debug|Any CPU
		{0F3D66AA-BA38-44E5-820F-8C7C2712D09B}.Release|Any CPU.ActiveCfg = Release|Any CPU
		{0F3D66AA-BA38-44E5-820F-8C7C2712D09B}.Release|Any CPU.Build.0 = Release|Any CPU
		{1B0428C5-B9A9-406E-A82B-7BFC59B958C9}.Debug|Any CPU.ActiveCfg = Debug|Any CPU
		{1B0428C5-B9A9-406E-A82B-7BFC59B958C9}.Debug|Any CPU.Build.0 = Debug|Any CPU
		{1B0428C5-B9A9-406E-A82B-7BFC59B958C9}.Release|Any CPU.ActiveCfg = Release|Any CPU
		{1B0428C5-B9A9-406E-A82B-7BFC59B958C9}.Release|Any CPU.Build.0 = Release|Any CPU
		{A49D5CEB-5746-4D3F-AD5A-647AC732A865}.Debug|Any CPU.ActiveCfg = Debug|Any CPU
		{A49D5CEB-5746-4D3F-AD5A-647AC732A865}.Debug|Any CPU.Build.0 = Debug|Any CPU
		{A49D5CEB-5746-4D3F-AD5A-647AC732A865}.Release|Any CPU.ActiveCfg = Release|Any CPU
		{A49D5CEB-5746-4D3F-AD5A-647AC732A865}.Release|Any CPU.Build.0 = Release|Any CPU
		{D40E30A3-739B-4539-91BB-971CBE306024}.Debug|Any CPU.ActiveCfg = Debug|Any CPU
		{D40E30A3-739B-4539-91BB-971CBE306024}.Debug|Any CPU.Build.0 = Debug|Any CPU
		{D40E30A3-739B-4539-91BB-971CBE306024}.Release|Any CPU.ActiveCfg = Release|Any CPU
		{D40E30A3-739B-4539-91BB-971CBE306024}.Release|Any CPU.Build.0 = Release|Any CPU
		{8B38456C-392D-4A58-86D4-D85F59E5B6A8}.Debug|Any CPU.ActiveCfg = Debug|Any CPU
		{8B38456C-392D-4A58-86D4-D85F59E5B6A8}.Debug|Any CPU.Build.0 = Debug|Any CPU
		{8B38456C-392D-4A58-86D4-D85F59E5B6A8}.Release|Any CPU.ActiveCfg = Release|Any CPU
		{8B38456C-392D-4A58-86D4-D85F59E5B6A8}.Release|Any CPU.Build.0 = Release|Any CPU
		{11DC5947-03AD-4E9E-BA01-4607A89ED154}.Debug|Any CPU.ActiveCfg = Debug|Any CPU
		{11DC5947-03AD-4E9E-BA01-4607A89ED154}.Debug|Any CPU.Build.0 = Debug|Any CPU
		{11DC5947-03AD-4E9E-BA01-4607A89ED154}.Release|Any CPU.ActiveCfg = Release|Any CPU
		{11DC5947-03AD-4E9E-BA01-4607A89ED154}.Release|Any CPU.Build.0 = Release|Any CPU
		{CDB096C2-5D83-4CE3-9099-74A69075CC29}.Debug|Any CPU.ActiveCfg = Debug|Any CPU
		{CDB096C2-5D83-4CE3-9099-74A69075CC29}.Debug|Any CPU.Build.0 = Debug|Any CPU
		{CDB096C2-5D83-4CE3-9099-74A69075CC29}.Release|Any CPU.ActiveCfg = Release|Any CPU
		{CDB096C2-5D83-4CE3-9099-74A69075CC29}.Release|Any CPU.Build.0 = Release|Any CPU
		{CA8BDDFE-4B13-4DD0-B89E-F3E473A82E6A}.Debug|Any CPU.ActiveCfg = Debug|Any CPU
		{CA8BDDFE-4B13-4DD0-B89E-F3E473A82E6A}.Debug|Any CPU.Build.0 = Debug|Any CPU
		{CA8BDDFE-4B13-4DD0-B89E-F3E473A82E6A}.Release|Any CPU.ActiveCfg = Release|Any CPU
		{CA8BDDFE-4B13-4DD0-B89E-F3E473A82E6A}.Release|Any CPU.Build.0 = Release|Any CPU
		{3BBFF2DA-AF8A-4DA2-8180-E29832FBB09C}.Debug|Any CPU.ActiveCfg = Debug|Any CPU
		{3BBFF2DA-AF8A-4DA2-8180-E29832FBB09C}.Debug|Any CPU.Build.0 = Debug|Any CPU
		{3BBFF2DA-AF8A-4DA2-8180-E29832FBB09C}.Release|Any CPU.ActiveCfg = Release|Any CPU
		{3BBFF2DA-AF8A-4DA2-8180-E29832FBB09C}.Release|Any CPU.Build.0 = Release|Any CPU
		{0FED836D-D98C-4F62-B0DB-B55FB80DCA52}.Debug|Any CPU.ActiveCfg = Debug|Any CPU
		{0FED836D-D98C-4F62-B0DB-B55FB80DCA52}.Debug|Any CPU.Build.0 = Debug|Any CPU
		{0FED836D-D98C-4F62-B0DB-B55FB80DCA52}.Release|Any CPU.ActiveCfg = Release|Any CPU
		{0FED836D-D98C-4F62-B0DB-B55FB80DCA52}.Release|Any CPU.Build.0 = Release|Any CPU
		{A573AFD2-4119-4E70-A732-64866A9414D0}.Debug|Any CPU.ActiveCfg = Debug|Any CPU
		{A573AFD2-4119-4E70-A732-64866A9414D0}.Debug|Any CPU.Build.0 = Debug|Any CPU
		{A573AFD2-4119-4E70-A732-64866A9414D0}.Release|Any CPU.ActiveCfg = Release|Any CPU
		{A573AFD2-4119-4E70-A732-64866A9414D0}.Release|Any CPU.Build.0 = Release|Any CPU
		{C8725365-FC6E-4EAE-9C6B-02AFE4AE85F7}.Debug|Any CPU.ActiveCfg = Debug|Any CPU
		{C8725365-FC6E-4EAE-9C6B-02AFE4AE85F7}.Debug|Any CPU.Build.0 = Debug|Any CPU
		{C8725365-FC6E-4EAE-9C6B-02AFE4AE85F7}.Release|Any CPU.ActiveCfg = Release|Any CPU
		{C8725365-FC6E-4EAE-9C6B-02AFE4AE85F7}.Release|Any CPU.Build.0 = Release|Any CPU
		{75B78E3D-C511-4206-902F-F4DE4452E0F8}.Debug|Any CPU.ActiveCfg = Debug|Any CPU
		{75B78E3D-C511-4206-902F-F4DE4452E0F8}.Debug|Any CPU.Build.0 = Debug|Any CPU
		{75B78E3D-C511-4206-902F-F4DE4452E0F8}.Release|Any CPU.ActiveCfg = Release|Any CPU
		{75B78E3D-C511-4206-902F-F4DE4452E0F8}.Release|Any CPU.Build.0 = Release|Any CPU
		{90EF9D51-4B86-4C48-978A-CBE2D628C620}.Debug|Any CPU.ActiveCfg = Debug|Any CPU
		{90EF9D51-4B86-4C48-978A-CBE2D628C620}.Debug|Any CPU.Build.0 = Debug|Any CPU
		{90EF9D51-4B86-4C48-978A-CBE2D628C620}.Release|Any CPU.ActiveCfg = Release|Any CPU
		{90EF9D51-4B86-4C48-978A-CBE2D628C620}.Release|Any CPU.Build.0 = Release|Any CPU
		{3F6C56B1-AAC2-4AA1-A277-AF9D9F75FD71}.Debug|Any CPU.ActiveCfg = Debug|Any CPU
		{3F6C56B1-AAC2-4AA1-A277-AF9D9F75FD71}.Debug|Any CPU.Build.0 = Debug|Any CPU
		{3F6C56B1-AAC2-4AA1-A277-AF9D9F75FD71}.Release|Any CPU.ActiveCfg = Release|Any CPU
		{3F6C56B1-AAC2-4AA1-A277-AF9D9F75FD71}.Release|Any CPU.Build.0 = Release|Any CPU
	EndGlobalSection
	GlobalSection(SolutionProperties) = preSolution
		HideSolutionNode = FALSE
	EndGlobalSection
	GlobalSection(NestedProjects) = preSolution
		{68DE8264-2BD7-4573-B031-869F6864041A} = {E58D4B0E-EC52-4396-8A45-0FB69433D4F4}
		{E58D4B0E-EC52-4396-8A45-0FB69433D4F4} = {10963523-5CD8-4295-94A6-10CC5820FA50}
		{FB0F3F8C-DCCC-4CF4-AF73-63A81F690710} = {E58D4B0E-EC52-4396-8A45-0FB69433D4F4}
		{749072C6-D7A4-4C99-9C70-F4ED9B2383D6} = {E58D4B0E-EC52-4396-8A45-0FB69433D4F4}
		{DBA43C8B-22F7-42C2-BC47-9A65FA939272} = {10963523-5CD8-4295-94A6-10CC5820FA50}
		{22069CB9-5103-4D22-8981-F5669E94FD1E} = {DBA43C8B-22F7-42C2-BC47-9A65FA939272}
		{52D06A6E-BD97-4978-8B58-BF2C12D9FDE2} = {DBA43C8B-22F7-42C2-BC47-9A65FA939272}
		{EEE5370A-5C2C-4209-ABC2-FBF2A72B0B68} = {51AE6990-0EA7-4322-BE55-AC0B96C5BC69}
		{6C1D578B-BC62-4DFF-B22C-64B7F72DF753} = {EEE5370A-5C2C-4209-ABC2-FBF2A72B0B68}
		{23BEC72E-6CDD-4B71-8F5D-483B02D4DB90} = {EEE5370A-5C2C-4209-ABC2-FBF2A72B0B68}
		{CB582753-4B4E-4A40-BBE6-2FDD63F6B48E} = {EEE5370A-5C2C-4209-ABC2-FBF2A72B0B68}
		{8DE40AFA-A464-4010-B352-14E13850F87B} = {E0204D9F-BF99-45AF-B8CB-9D28395D6A67}
		{B9C993D7-2FA9-4302-BD65-0D540D74B60E} = {51AE6990-0EA7-4322-BE55-AC0B96C5BC69}
		{F655A4A5-D2A7-4000-A7FF-CED28C8EF7A6} = {B9C993D7-2FA9-4302-BD65-0D540D74B60E}
		{E0E450F5-980D-4AF8-B84F-2EFBC98AA3DE} = {8DE40AFA-A464-4010-B352-14E13850F87B}
		{DD7BB068-3CFB-45C1-AF38-096BA2A1D1BE} = {EEE5370A-5C2C-4209-ABC2-FBF2A72B0B68}
		{E73EAC7A-EAAF-4760-932E-5E355BCCF93D} = {B9C993D7-2FA9-4302-BD65-0D540D74B60E}
		{AEFAC691-AA4A-4FFF-A2E3-915AD4754F15} = {B9C993D7-2FA9-4302-BD65-0D540D74B60E}
		{F828011B-E85C-40DA-864B-FBCABBF16750} = {EEE5370A-5C2C-4209-ABC2-FBF2A72B0B68}
		{2ACCC1DA-C770-4C69-BB61-412D75EA6B13} = {9A2A7A39-41F5-4A0A-B932-D8447A4531AC}
		{DAAE83BF-9318-4029-9A6D-E8EB759DB89C} = {E0204D9F-BF99-45AF-B8CB-9D28395D6A67}
		{2F39F910-64F2-4A52-A560-B38C8321F4D5} = {E0E5F15E-CEFC-47F7-8F51-C364E9313A65}
		{25654693-3094-4A56-96BC-D520D7656A77} = {E0E5F15E-CEFC-47F7-8F51-C364E9313A65}
		{37C561C2-BFF2-4318-A4FE-FD81EA82498F} = {51AE6990-0EA7-4322-BE55-AC0B96C5BC69}
		{151753E6-8055-4ABA-8F97-D04FF42BFAAA} = {37C561C2-BFF2-4318-A4FE-FD81EA82498F}
		{14816AA4-B514-47CC-A275-929FC490F17B} = {37C561C2-BFF2-4318-A4FE-FD81EA82498F}
		{74FEFBDB-EA85-4264-9BCC-14F6608269D9} = {9A2A7A39-41F5-4A0A-B932-D8447A4531AC}
		{BA19A4F4-DE75-46E8-94C2-A5AB3616116D} = {9A2A7A39-41F5-4A0A-B932-D8447A4531AC}
		{68247E53-B86B-4651-83A3-2CF488499B89} = {51995D4F-493E-4589-B7A2-A5101BBF2FF0}
		{0F3D66AA-BA38-44E5-820F-8C7C2712D09B} = {51995D4F-493E-4589-B7A2-A5101BBF2FF0}
		{1B0428C5-B9A9-406E-A82B-7BFC59B958C9} = {E0E5F15E-CEFC-47F7-8F51-C364E9313A65}
		{A49D5CEB-5746-4D3F-AD5A-647AC732A865} = {DAAE83BF-9318-4029-9A6D-E8EB759DB89C}
		{D40E30A3-739B-4539-91BB-971CBE306024} = {37C561C2-BFF2-4318-A4FE-FD81EA82498F}
		{91079740-33A7-45C8-9648-23617A5F1CD3} = {10963523-5CD8-4295-94A6-10CC5820FA50}
		{8B38456C-392D-4A58-86D4-D85F59E5B6A8} = {91079740-33A7-45C8-9648-23617A5F1CD3}
		{78626F6D-EB18-4881-932E-AD839A5B2561} = {51AE6990-0EA7-4322-BE55-AC0B96C5BC69}
		{11DC5947-03AD-4E9E-BA01-4607A89ED154} = {78626F6D-EB18-4881-932E-AD839A5B2561}
		{8CE7B6BD-8BBC-49DA-AB7C-BEB44AFE7912} = {51AE6990-0EA7-4322-BE55-AC0B96C5BC69}
		{CDB096C2-5D83-4CE3-9099-74A69075CC29} = {9A2A7A39-41F5-4A0A-B932-D8447A4531AC}
		{CA8BDDFE-4B13-4DD0-B89E-F3E473A82E6A} = {51995D4F-493E-4589-B7A2-A5101BBF2FF0}
		{3BBFF2DA-AF8A-4DA2-8180-E29832FBB09C} = {8CE7B6BD-8BBC-49DA-AB7C-BEB44AFE7912}
		{A573AFD2-4119-4E70-A732-64866A9414D0} = {51995D4F-493E-4589-B7A2-A5101BBF2FF0}
		{E0E5F15E-CEFC-47F7-8F51-C364E9313A65} = {3CD0D026-F011-48CB-913A-3AE1AFA212B8}
		{9A2A7A39-41F5-4A0A-B932-D8447A4531AC} = {3CD0D026-F011-48CB-913A-3AE1AFA212B8}
		{51995D4F-493E-4589-B7A2-A5101BBF2FF0} = {3CD0D026-F011-48CB-913A-3AE1AFA212B8}
		{C8725365-FC6E-4EAE-9C6B-02AFE4AE85F7} = {DBA43C8B-22F7-42C2-BC47-9A65FA939272}
		{75B78E3D-C511-4206-902F-F4DE4452E0F8} = {8CE7B6BD-8BBC-49DA-AB7C-BEB44AFE7912}
		{90EF9D51-4B86-4C48-978A-CBE2D628C620} = {9A2A7A39-41F5-4A0A-B932-D8447A4531AC}
		{3F6C56B1-AAC2-4AA1-A277-AF9D9F75FD71} = {51995D4F-493E-4589-B7A2-A5101BBF2FF0}
	EndGlobalSection
	GlobalSection(ExtensibilityGlobals) = postSolution
		SolutionGuid = {0876E344-B588-49D3-90AF-656CE086FC60}
	EndGlobalSection
EndGlobal
