Microsoft Visual Studio Solution File, Format Version 12.00
# Visual Studio 14
VisualStudioVersion = 14.0.25420.1
MinimumVisualStudioVersion = 10.0.40219.1
Project("{2150E333-8FDC-42A3-9474-1A3956D46DE8}") = "BackEnd", "BackEnd", "{64D9031E-7B58-4C75-958A-AEDFA0E02BA5}"
EndProject
Project("{2150E333-8FDC-42A3-9474-1A3956D46DE8}") = "CrossCutting", "CrossCutting", "{D302E495-CD8F-4A5D-8F7C-A403C89B1EE4}"
EndProject
Project("{2150E333-8FDC-42A3-9474-1A3956D46DE8}") = "FrontEnd", "FrontEnd", "{ADE0F4CD-B1F8-4AFE-BB04-7C913F514D0D}"
EndProject
Project("{2150E333-8FDC-42A3-9474-1A3956D46DE8}") = "Model", "Model", "{EC499455-D89E-4CE4-8F1B-6CDE6F895961}"
EndProject
Project("{2150E333-8FDC-42A3-9474-1A3956D46DE8}") = "Tests", "Tests", "{10E6D16E-97B6-480B-9800-93351A619646}"
EndProject
Project("{2150E333-8FDC-42A3-9474-1A3956D46DE8}") = "Solution Items", "Solution Items", "{03A6205C-A092-49F4-835E-9D1B52AFF853}"
	ProjectSection(SolutionItems) = preProject
		CustomDictionary.xml = CustomDictionary.xml
		FrameworkSolutionInfo.cs = FrameworkSolutionInfo.cs
		TadbirSolutionInfo.cs = TadbirSolutionInfo.cs
	EndProjectSection
EndProject
Project("{FAE04EC0-301F-11D3-BF4B-00C04F79EFBC}") = "SPPC.Framework.Model", "SPPC.Framework.Model\SPPC.Framework.Model.csproj", "{2A3F0F28-1F8F-432E-9EDD-269D8460F40A}"
EndProject
Project("{FAE04EC0-301F-11D3-BF4B-00C04F79EFBC}") = "SPPC.Framework.ViewModel", "SPPC.Framework.ViewModel\SPPC.Framework.ViewModel.csproj", "{9CF4AAA8-6C3D-4449-96FA-D019C6DE8A25}"
EndProject
Project("{FAE04EC0-301F-11D3-BF4B-00C04F79EFBC}") = "SPPC.Framework.Mapper", "SPPC.Framework.Mapper\SPPC.Framework.Mapper.csproj", "{B3DB67F3-9A53-4452-A8CC-3F1E5F48211B}"
EndProject
Project("{FAE04EC0-301F-11D3-BF4B-00C04F79EFBC}") = "SPPC.Framework.Common", "SPPC.Framework.Common\SPPC.Framework.Common.csproj", "{4A10F6F8-6A15-490C-B222-BE5DFA4775F9}"
EndProject
Project("{FAE04EC0-301F-11D3-BF4B-00C04F79EFBC}") = "SPPC.Framework.NHibernate", "SPPC.Framework.NHibernate\SPPC.Framework.NHibernate.csproj", "{F9A6F065-D2B5-492F-976E-D6874FBEC54C}"
EndProject
Project("{FAE04EC0-301F-11D3-BF4B-00C04F79EFBC}") = "SPPC.Framework.Service", "SPPC.Framework.Service\SPPC.Framework.Service.csproj", "{A28299D4-4023-4ADD-B7E4-1303A60308BD}"
EndProject
Project("{FAE04EC0-301F-11D3-BF4B-00C04F79EFBC}") = "SPPC.Framework.Unity", "SPPC.Framework.Unity\SPPC.Framework.Unity.csproj", "{202C8B97-9665-47FE-9D8B-7E46F4D7B5D8}"
EndProject
Project("{FAE04EC0-301F-11D3-BF4B-00C04F79EFBC}") = "SPPC.Framework.Tests", "SPPC.Framework.Tests\SPPC.Framework.Tests.csproj", "{DEE88B7D-705F-467D-9828-B4705B59AE12}"
EndProject
Project("{2150E333-8FDC-42A3-9474-1A3956D46DE8}") = "Framework", "Framework", "{E35A5057-A648-4345-A2EA-1153DA2525E1}"
EndProject
Project("{2150E333-8FDC-42A3-9474-1A3956D46DE8}") = "Tadbir", "Tadbir", "{1D458098-704C-48C2-BCB2-0EDF5B22AE64}"
EndProject
Project("{2150E333-8FDC-42A3-9474-1A3956D46DE8}") = "BackEnd", "BackEnd", "{41092B11-7B66-4638-97E2-60BBCE803642}"
EndProject
Project("{2150E333-8FDC-42A3-9474-1A3956D46DE8}") = "CrossCutting", "CrossCutting", "{1F5DE704-3403-418A-9DCF-E70C355D0B46}"
EndProject
Project("{2150E333-8FDC-42A3-9474-1A3956D46DE8}") = "FrontEnd", "FrontEnd", "{641EA8D9-5D6B-4290-90AB-B2B1DEEE18AE}"
EndProject
Project("{2150E333-8FDC-42A3-9474-1A3956D46DE8}") = "Model", "Model", "{324A26E8-6703-447A-BAF8-C3595AF2DA2B}"
EndProject
Project("{2150E333-8FDC-42A3-9474-1A3956D46DE8}") = "Tests", "Tests", "{E93DA7B3-A68A-478E-8ED1-19E40F2896B9}"
EndProject
Project("{FAE04EC0-301F-11D3-BF4B-00C04F79EFBC}") = "SPPC.Tadbir.NHibernate", "SPPC.Tadbir.NHibernate\SPPC.Tadbir.NHibernate.csproj", "{5594D8DB-0D82-4CB7-B868-9B3CE680037A}"
EndProject
Project("{FAE04EC0-301F-11D3-BF4B-00C04F79EFBC}") = "SPPC.Tadbir.Service", "SPPC.Tadbir.Service\SPPC.Tadbir.Service.csproj", "{6EB4DCA8-EBC3-40E6-BE52-0B2BDE145A27}"
EndProject
Project("{FAE04EC0-301F-11D3-BF4B-00C04F79EFBC}") = "SPPC.Tadbir.Common", "SPPC.Tadbir.Common\SPPC.Tadbir.Common.csproj", "{504D9334-9367-4535-925B-CCB7574CE350}"
EndProject
Project("{FAE04EC0-301F-11D3-BF4B-00C04F79EFBC}") = "SPPC.Tadbir.Unity", "SPPC.Tadbir.Unity\SPPC.Tadbir.Unity.csproj", "{2788A1DA-3298-4635-8AAB-064B5EA773C8}"
EndProject
Project("{FAE04EC0-301F-11D3-BF4B-00C04F79EFBC}") = "SPPC.Tadbir.Mapper", "SPPC.Tadbir.Mapper\SPPC.Tadbir.Mapper.csproj", "{9DFCE647-E7AB-4B9F-A838-21DAE1FF85DC}"
EndProject
Project("{FAE04EC0-301F-11D3-BF4B-00C04F79EFBC}") = "SPPC.Tadbir.Model", "SPPC.Tadbir.Model\SPPC.Tadbir.Model.csproj", "{B11E84DB-B3CE-437C-AFDA-39A3DEDD1584}"
EndProject
Project("{FAE04EC0-301F-11D3-BF4B-00C04F79EFBC}") = "SPPC.Tadbir.ViewModel", "SPPC.Tadbir.ViewModel\SPPC.Tadbir.ViewModel.csproj", "{C3445A49-084D-4FC2-B1BB-DCE676B52618}"
EndProject
Project("{FAE04EC0-301F-11D3-BF4B-00C04F79EFBC}") = "SPPC.Tadbir.Tests", "SPPC.Tadbir.Tests\SPPC.Tadbir.Tests.csproj", "{E2A23DDD-85C0-48D5-8CF4-39C069B5A6B7}"
EndProject
Project("{FAE04EC0-301F-11D3-BF4B-00C04F79EFBC}") = "SPPC.Tadbir.Web.Api", "SPPC.Tadbir.Web.Api\SPPC.Tadbir.Web.Api.csproj", "{91AC798F-87C5-4964-8CEB-0A4621FF5134}"
EndProject
Project("{FAE04EC0-301F-11D3-BF4B-00C04F79EFBC}") = "SPPC.Tadbir.Web", "SPPC.Tadbir.Web\SPPC.Tadbir.Web.csproj", "{9A10D4C3-04DE-4F73-AE0F-0EFC1ECAC49E}"
EndProject
Project("{FAE04EC0-301F-11D3-BF4B-00C04F79EFBC}") = "SPPC.Framework.Interfaces", "SPPC.Framework.Interfaces\SPPC.Framework.Interfaces.csproj", "{25D668E5-7585-47D7-8AB6-2FD4AC3F8565}"
EndProject
Project("{FAE04EC0-301F-11D3-BF4B-00C04F79EFBC}") = "SPPC.Tadbir.Interfaces", "SPPC.Tadbir.Interfaces\SPPC.Tadbir.Interfaces.csproj", "{10837CB4-3C60-42EF-9806-D312C17B9F2F}"
EndProject
Global
	GlobalSection(SolutionConfigurationPlatforms) = preSolution
		Debug|Any CPU = Debug|Any CPU
		LiveHost|Any CPU = LiveHost|Any CPU
		Release|Any CPU = Release|Any CPU
		Staging|Any CPU = Staging|Any CPU
	EndGlobalSection
	GlobalSection(ProjectConfigurationPlatforms) = postSolution
		{2A3F0F28-1F8F-432E-9EDD-269D8460F40A}.Debug|Any CPU.ActiveCfg = Debug|Any CPU
		{2A3F0F28-1F8F-432E-9EDD-269D8460F40A}.Debug|Any CPU.Build.0 = Debug|Any CPU
		{2A3F0F28-1F8F-432E-9EDD-269D8460F40A}.LiveHost|Any CPU.ActiveCfg = LiveHost|Any CPU
		{2A3F0F28-1F8F-432E-9EDD-269D8460F40A}.LiveHost|Any CPU.Build.0 = LiveHost|Any CPU
		{2A3F0F28-1F8F-432E-9EDD-269D8460F40A}.Release|Any CPU.ActiveCfg = Release|Any CPU
		{2A3F0F28-1F8F-432E-9EDD-269D8460F40A}.Release|Any CPU.Build.0 = Release|Any CPU
		{2A3F0F28-1F8F-432E-9EDD-269D8460F40A}.Staging|Any CPU.ActiveCfg = Staging|Any CPU
		{2A3F0F28-1F8F-432E-9EDD-269D8460F40A}.Staging|Any CPU.Build.0 = Staging|Any CPU
		{9CF4AAA8-6C3D-4449-96FA-D019C6DE8A25}.Debug|Any CPU.ActiveCfg = Debug|Any CPU
		{9CF4AAA8-6C3D-4449-96FA-D019C6DE8A25}.Debug|Any CPU.Build.0 = Debug|Any CPU
		{9CF4AAA8-6C3D-4449-96FA-D019C6DE8A25}.LiveHost|Any CPU.ActiveCfg = LiveHost|Any CPU
		{9CF4AAA8-6C3D-4449-96FA-D019C6DE8A25}.LiveHost|Any CPU.Build.0 = LiveHost|Any CPU
		{9CF4AAA8-6C3D-4449-96FA-D019C6DE8A25}.Release|Any CPU.ActiveCfg = Release|Any CPU
		{9CF4AAA8-6C3D-4449-96FA-D019C6DE8A25}.Release|Any CPU.Build.0 = Release|Any CPU
		{9CF4AAA8-6C3D-4449-96FA-D019C6DE8A25}.Staging|Any CPU.ActiveCfg = Staging|Any CPU
		{9CF4AAA8-6C3D-4449-96FA-D019C6DE8A25}.Staging|Any CPU.Build.0 = Staging|Any CPU
		{B3DB67F3-9A53-4452-A8CC-3F1E5F48211B}.Debug|Any CPU.ActiveCfg = Debug|Any CPU
		{B3DB67F3-9A53-4452-A8CC-3F1E5F48211B}.Debug|Any CPU.Build.0 = Debug|Any CPU
		{B3DB67F3-9A53-4452-A8CC-3F1E5F48211B}.LiveHost|Any CPU.ActiveCfg = LiveHost|Any CPU
		{B3DB67F3-9A53-4452-A8CC-3F1E5F48211B}.LiveHost|Any CPU.Build.0 = LiveHost|Any CPU
		{B3DB67F3-9A53-4452-A8CC-3F1E5F48211B}.Release|Any CPU.ActiveCfg = Release|Any CPU
		{B3DB67F3-9A53-4452-A8CC-3F1E5F48211B}.Release|Any CPU.Build.0 = Release|Any CPU
		{B3DB67F3-9A53-4452-A8CC-3F1E5F48211B}.Staging|Any CPU.ActiveCfg = Staging|Any CPU
		{B3DB67F3-9A53-4452-A8CC-3F1E5F48211B}.Staging|Any CPU.Build.0 = Staging|Any CPU
		{4A10F6F8-6A15-490C-B222-BE5DFA4775F9}.Debug|Any CPU.ActiveCfg = Debug|Any CPU
		{4A10F6F8-6A15-490C-B222-BE5DFA4775F9}.Debug|Any CPU.Build.0 = Debug|Any CPU
		{4A10F6F8-6A15-490C-B222-BE5DFA4775F9}.LiveHost|Any CPU.ActiveCfg = LiveHost|Any CPU
		{4A10F6F8-6A15-490C-B222-BE5DFA4775F9}.LiveHost|Any CPU.Build.0 = LiveHost|Any CPU
		{4A10F6F8-6A15-490C-B222-BE5DFA4775F9}.Release|Any CPU.ActiveCfg = Release|Any CPU
		{4A10F6F8-6A15-490C-B222-BE5DFA4775F9}.Release|Any CPU.Build.0 = Release|Any CPU
		{4A10F6F8-6A15-490C-B222-BE5DFA4775F9}.Staging|Any CPU.ActiveCfg = Staging|Any CPU
		{4A10F6F8-6A15-490C-B222-BE5DFA4775F9}.Staging|Any CPU.Build.0 = Staging|Any CPU
		{F9A6F065-D2B5-492F-976E-D6874FBEC54C}.Debug|Any CPU.ActiveCfg = Debug|Any CPU
		{F9A6F065-D2B5-492F-976E-D6874FBEC54C}.Debug|Any CPU.Build.0 = Debug|Any CPU
		{F9A6F065-D2B5-492F-976E-D6874FBEC54C}.LiveHost|Any CPU.ActiveCfg = LiveHost|Any CPU
		{F9A6F065-D2B5-492F-976E-D6874FBEC54C}.LiveHost|Any CPU.Build.0 = LiveHost|Any CPU
		{F9A6F065-D2B5-492F-976E-D6874FBEC54C}.Release|Any CPU.ActiveCfg = Release|Any CPU
		{F9A6F065-D2B5-492F-976E-D6874FBEC54C}.Release|Any CPU.Build.0 = Release|Any CPU
		{F9A6F065-D2B5-492F-976E-D6874FBEC54C}.Staging|Any CPU.ActiveCfg = Staging|Any CPU
		{F9A6F065-D2B5-492F-976E-D6874FBEC54C}.Staging|Any CPU.Build.0 = Staging|Any CPU
		{A28299D4-4023-4ADD-B7E4-1303A60308BD}.Debug|Any CPU.ActiveCfg = Debug|Any CPU
		{A28299D4-4023-4ADD-B7E4-1303A60308BD}.Debug|Any CPU.Build.0 = Debug|Any CPU
		{A28299D4-4023-4ADD-B7E4-1303A60308BD}.LiveHost|Any CPU.ActiveCfg = LiveHost|Any CPU
		{A28299D4-4023-4ADD-B7E4-1303A60308BD}.LiveHost|Any CPU.Build.0 = LiveHost|Any CPU
		{A28299D4-4023-4ADD-B7E4-1303A60308BD}.Release|Any CPU.ActiveCfg = Release|Any CPU
		{A28299D4-4023-4ADD-B7E4-1303A60308BD}.Release|Any CPU.Build.0 = Release|Any CPU
		{A28299D4-4023-4ADD-B7E4-1303A60308BD}.Staging|Any CPU.ActiveCfg = Staging|Any CPU
		{A28299D4-4023-4ADD-B7E4-1303A60308BD}.Staging|Any CPU.Build.0 = Staging|Any CPU
		{202C8B97-9665-47FE-9D8B-7E46F4D7B5D8}.Debug|Any CPU.ActiveCfg = Debug|Any CPU
		{202C8B97-9665-47FE-9D8B-7E46F4D7B5D8}.Debug|Any CPU.Build.0 = Debug|Any CPU
		{202C8B97-9665-47FE-9D8B-7E46F4D7B5D8}.LiveHost|Any CPU.ActiveCfg = LiveHost|Any CPU
		{202C8B97-9665-47FE-9D8B-7E46F4D7B5D8}.LiveHost|Any CPU.Build.0 = LiveHost|Any CPU
		{202C8B97-9665-47FE-9D8B-7E46F4D7B5D8}.Release|Any CPU.ActiveCfg = Release|Any CPU
		{202C8B97-9665-47FE-9D8B-7E46F4D7B5D8}.Release|Any CPU.Build.0 = Release|Any CPU
		{202C8B97-9665-47FE-9D8B-7E46F4D7B5D8}.Staging|Any CPU.ActiveCfg = Staging|Any CPU
		{202C8B97-9665-47FE-9D8B-7E46F4D7B5D8}.Staging|Any CPU.Build.0 = Staging|Any CPU
		{DEE88B7D-705F-467D-9828-B4705B59AE12}.Debug|Any CPU.ActiveCfg = Debug|Any CPU
		{DEE88B7D-705F-467D-9828-B4705B59AE12}.Debug|Any CPU.Build.0 = Debug|Any CPU
		{DEE88B7D-705F-467D-9828-B4705B59AE12}.LiveHost|Any CPU.ActiveCfg = Release|Any CPU
		{DEE88B7D-705F-467D-9828-B4705B59AE12}.LiveHost|Any CPU.Build.0 = Release|Any CPU
		{DEE88B7D-705F-467D-9828-B4705B59AE12}.Release|Any CPU.ActiveCfg = Release|Any CPU
		{DEE88B7D-705F-467D-9828-B4705B59AE12}.Release|Any CPU.Build.0 = Release|Any CPU
		{DEE88B7D-705F-467D-9828-B4705B59AE12}.Staging|Any CPU.ActiveCfg = Release|Any CPU
		{DEE88B7D-705F-467D-9828-B4705B59AE12}.Staging|Any CPU.Build.0 = Release|Any CPU
		{5594D8DB-0D82-4CB7-B868-9B3CE680037A}.Debug|Any CPU.ActiveCfg = Debug|Any CPU
		{5594D8DB-0D82-4CB7-B868-9B3CE680037A}.Debug|Any CPU.Build.0 = Debug|Any CPU
		{5594D8DB-0D82-4CB7-B868-9B3CE680037A}.LiveHost|Any CPU.ActiveCfg = LiveHost|Any CPU
		{5594D8DB-0D82-4CB7-B868-9B3CE680037A}.LiveHost|Any CPU.Build.0 = LiveHost|Any CPU
		{5594D8DB-0D82-4CB7-B868-9B3CE680037A}.Release|Any CPU.ActiveCfg = Release|Any CPU
		{5594D8DB-0D82-4CB7-B868-9B3CE680037A}.Release|Any CPU.Build.0 = Release|Any CPU
		{5594D8DB-0D82-4CB7-B868-9B3CE680037A}.Staging|Any CPU.ActiveCfg = Staging|Any CPU
		{5594D8DB-0D82-4CB7-B868-9B3CE680037A}.Staging|Any CPU.Build.0 = Staging|Any CPU
		{6EB4DCA8-EBC3-40E6-BE52-0B2BDE145A27}.Debug|Any CPU.ActiveCfg = Debug|Any CPU
		{6EB4DCA8-EBC3-40E6-BE52-0B2BDE145A27}.Debug|Any CPU.Build.0 = Debug|Any CPU
		{6EB4DCA8-EBC3-40E6-BE52-0B2BDE145A27}.LiveHost|Any CPU.ActiveCfg = LiveHost|Any CPU
		{6EB4DCA8-EBC3-40E6-BE52-0B2BDE145A27}.LiveHost|Any CPU.Build.0 = LiveHost|Any CPU
		{6EB4DCA8-EBC3-40E6-BE52-0B2BDE145A27}.Release|Any CPU.ActiveCfg = Release|Any CPU
		{6EB4DCA8-EBC3-40E6-BE52-0B2BDE145A27}.Release|Any CPU.Build.0 = Release|Any CPU
		{6EB4DCA8-EBC3-40E6-BE52-0B2BDE145A27}.Staging|Any CPU.ActiveCfg = Staging|Any CPU
		{6EB4DCA8-EBC3-40E6-BE52-0B2BDE145A27}.Staging|Any CPU.Build.0 = Staging|Any CPU
		{504D9334-9367-4535-925B-CCB7574CE350}.Debug|Any CPU.ActiveCfg = Debug|Any CPU
		{504D9334-9367-4535-925B-CCB7574CE350}.Debug|Any CPU.Build.0 = Debug|Any CPU
		{504D9334-9367-4535-925B-CCB7574CE350}.LiveHost|Any CPU.ActiveCfg = LiveHost|Any CPU
		{504D9334-9367-4535-925B-CCB7574CE350}.LiveHost|Any CPU.Build.0 = LiveHost|Any CPU
		{504D9334-9367-4535-925B-CCB7574CE350}.Release|Any CPU.ActiveCfg = Release|Any CPU
		{504D9334-9367-4535-925B-CCB7574CE350}.Release|Any CPU.Build.0 = Release|Any CPU
		{504D9334-9367-4535-925B-CCB7574CE350}.Staging|Any CPU.ActiveCfg = Staging|Any CPU
		{504D9334-9367-4535-925B-CCB7574CE350}.Staging|Any CPU.Build.0 = Staging|Any CPU
		{2788A1DA-3298-4635-8AAB-064B5EA773C8}.Debug|Any CPU.ActiveCfg = Debug|Any CPU
		{2788A1DA-3298-4635-8AAB-064B5EA773C8}.Debug|Any CPU.Build.0 = Debug|Any CPU
		{2788A1DA-3298-4635-8AAB-064B5EA773C8}.LiveHost|Any CPU.ActiveCfg = LiveHost|Any CPU
		{2788A1DA-3298-4635-8AAB-064B5EA773C8}.LiveHost|Any CPU.Build.0 = LiveHost|Any CPU
		{2788A1DA-3298-4635-8AAB-064B5EA773C8}.Release|Any CPU.ActiveCfg = Release|Any CPU
		{2788A1DA-3298-4635-8AAB-064B5EA773C8}.Release|Any CPU.Build.0 = Release|Any CPU
		{2788A1DA-3298-4635-8AAB-064B5EA773C8}.Staging|Any CPU.ActiveCfg = Staging|Any CPU
		{2788A1DA-3298-4635-8AAB-064B5EA773C8}.Staging|Any CPU.Build.0 = Staging|Any CPU
		{9DFCE647-E7AB-4B9F-A838-21DAE1FF85DC}.Debug|Any CPU.ActiveCfg = Debug|Any CPU
		{9DFCE647-E7AB-4B9F-A838-21DAE1FF85DC}.Debug|Any CPU.Build.0 = Debug|Any CPU
		{9DFCE647-E7AB-4B9F-A838-21DAE1FF85DC}.LiveHost|Any CPU.ActiveCfg = LiveHost|Any CPU
		{9DFCE647-E7AB-4B9F-A838-21DAE1FF85DC}.LiveHost|Any CPU.Build.0 = LiveHost|Any CPU
		{9DFCE647-E7AB-4B9F-A838-21DAE1FF85DC}.Release|Any CPU.ActiveCfg = Release|Any CPU
		{9DFCE647-E7AB-4B9F-A838-21DAE1FF85DC}.Release|Any CPU.Build.0 = Release|Any CPU
		{9DFCE647-E7AB-4B9F-A838-21DAE1FF85DC}.Staging|Any CPU.ActiveCfg = Staging|Any CPU
		{9DFCE647-E7AB-4B9F-A838-21DAE1FF85DC}.Staging|Any CPU.Build.0 = Staging|Any CPU
		{B11E84DB-B3CE-437C-AFDA-39A3DEDD1584}.Debug|Any CPU.ActiveCfg = Debug|Any CPU
		{B11E84DB-B3CE-437C-AFDA-39A3DEDD1584}.Debug|Any CPU.Build.0 = Debug|Any CPU
		{B11E84DB-B3CE-437C-AFDA-39A3DEDD1584}.LiveHost|Any CPU.ActiveCfg = LiveHost|Any CPU
		{B11E84DB-B3CE-437C-AFDA-39A3DEDD1584}.LiveHost|Any CPU.Build.0 = LiveHost|Any CPU
		{B11E84DB-B3CE-437C-AFDA-39A3DEDD1584}.Release|Any CPU.ActiveCfg = Release|Any CPU
		{B11E84DB-B3CE-437C-AFDA-39A3DEDD1584}.Release|Any CPU.Build.0 = Release|Any CPU
		{B11E84DB-B3CE-437C-AFDA-39A3DEDD1584}.Staging|Any CPU.ActiveCfg = Staging|Any CPU
		{B11E84DB-B3CE-437C-AFDA-39A3DEDD1584}.Staging|Any CPU.Build.0 = Staging|Any CPU
		{C3445A49-084D-4FC2-B1BB-DCE676B52618}.Debug|Any CPU.ActiveCfg = Debug|Any CPU
		{C3445A49-084D-4FC2-B1BB-DCE676B52618}.Debug|Any CPU.Build.0 = Debug|Any CPU
		{C3445A49-084D-4FC2-B1BB-DCE676B52618}.LiveHost|Any CPU.ActiveCfg = LiveHost|Any CPU
		{C3445A49-084D-4FC2-B1BB-DCE676B52618}.LiveHost|Any CPU.Build.0 = LiveHost|Any CPU
		{C3445A49-084D-4FC2-B1BB-DCE676B52618}.Release|Any CPU.ActiveCfg = Release|Any CPU
		{C3445A49-084D-4FC2-B1BB-DCE676B52618}.Release|Any CPU.Build.0 = Release|Any CPU
		{C3445A49-084D-4FC2-B1BB-DCE676B52618}.Staging|Any CPU.ActiveCfg = Staging|Any CPU
		{C3445A49-084D-4FC2-B1BB-DCE676B52618}.Staging|Any CPU.Build.0 = Staging|Any CPU
		{E2A23DDD-85C0-48D5-8CF4-39C069B5A6B7}.Debug|Any CPU.ActiveCfg = Debug|Any CPU
		{E2A23DDD-85C0-48D5-8CF4-39C069B5A6B7}.Debug|Any CPU.Build.0 = Debug|Any CPU
		{E2A23DDD-85C0-48D5-8CF4-39C069B5A6B7}.LiveHost|Any CPU.ActiveCfg = Release|Any CPU
		{E2A23DDD-85C0-48D5-8CF4-39C069B5A6B7}.LiveHost|Any CPU.Build.0 = Release|Any CPU
		{E2A23DDD-85C0-48D5-8CF4-39C069B5A6B7}.Release|Any CPU.ActiveCfg = Release|Any CPU
		{E2A23DDD-85C0-48D5-8CF4-39C069B5A6B7}.Release|Any CPU.Build.0 = Release|Any CPU
		{E2A23DDD-85C0-48D5-8CF4-39C069B5A6B7}.Staging|Any CPU.ActiveCfg = Release|Any CPU
		{E2A23DDD-85C0-48D5-8CF4-39C069B5A6B7}.Staging|Any CPU.Build.0 = Release|Any CPU
		{91AC798F-87C5-4964-8CEB-0A4621FF5134}.Debug|Any CPU.ActiveCfg = Debug|Any CPU
		{91AC798F-87C5-4964-8CEB-0A4621FF5134}.Debug|Any CPU.Build.0 = Debug|Any CPU
		{91AC798F-87C5-4964-8CEB-0A4621FF5134}.LiveHost|Any CPU.ActiveCfg = LiveHost|Any CPU
		{91AC798F-87C5-4964-8CEB-0A4621FF5134}.LiveHost|Any CPU.Build.0 = LiveHost|Any CPU
		{91AC798F-87C5-4964-8CEB-0A4621FF5134}.Release|Any CPU.ActiveCfg = Release|Any CPU
		{91AC798F-87C5-4964-8CEB-0A4621FF5134}.Release|Any CPU.Build.0 = Release|Any CPU
		{91AC798F-87C5-4964-8CEB-0A4621FF5134}.Staging|Any CPU.ActiveCfg = Staging|Any CPU
		{91AC798F-87C5-4964-8CEB-0A4621FF5134}.Staging|Any CPU.Build.0 = Staging|Any CPU
		{9A10D4C3-04DE-4F73-AE0F-0EFC1ECAC49E}.Debug|Any CPU.ActiveCfg = Debug|Any CPU
		{9A10D4C3-04DE-4F73-AE0F-0EFC1ECAC49E}.Debug|Any CPU.Build.0 = Debug|Any CPU
		{9A10D4C3-04DE-4F73-AE0F-0EFC1ECAC49E}.LiveHost|Any CPU.ActiveCfg = LiveHost|Any CPU
		{9A10D4C3-04DE-4F73-AE0F-0EFC1ECAC49E}.LiveHost|Any CPU.Build.0 = LiveHost|Any CPU
		{9A10D4C3-04DE-4F73-AE0F-0EFC1ECAC49E}.Release|Any CPU.ActiveCfg = Release|Any CPU
		{9A10D4C3-04DE-4F73-AE0F-0EFC1ECAC49E}.Release|Any CPU.Build.0 = Release|Any CPU
		{9A10D4C3-04DE-4F73-AE0F-0EFC1ECAC49E}.Staging|Any CPU.ActiveCfg = Staging|Any CPU
		{9A10D4C3-04DE-4F73-AE0F-0EFC1ECAC49E}.Staging|Any CPU.Build.0 = Staging|Any CPU
		{25D668E5-7585-47D7-8AB6-2FD4AC3F8565}.Debug|Any CPU.ActiveCfg = Debug|Any CPU
		{25D668E5-7585-47D7-8AB6-2FD4AC3F8565}.Debug|Any CPU.Build.0 = Debug|Any CPU
		{25D668E5-7585-47D7-8AB6-2FD4AC3F8565}.LiveHost|Any CPU.ActiveCfg = LiveHost|Any CPU
		{25D668E5-7585-47D7-8AB6-2FD4AC3F8565}.LiveHost|Any CPU.Build.0 = LiveHost|Any CPU
		{25D668E5-7585-47D7-8AB6-2FD4AC3F8565}.Release|Any CPU.ActiveCfg = Release|Any CPU
		{25D668E5-7585-47D7-8AB6-2FD4AC3F8565}.Release|Any CPU.Build.0 = Release|Any CPU
		{25D668E5-7585-47D7-8AB6-2FD4AC3F8565}.Staging|Any CPU.ActiveCfg = Staging|Any CPU
		{25D668E5-7585-47D7-8AB6-2FD4AC3F8565}.Staging|Any CPU.Build.0 = Staging|Any CPU
		{10837CB4-3C60-42EF-9806-D312C17B9F2F}.Debug|Any CPU.ActiveCfg = Debug|Any CPU
		{10837CB4-3C60-42EF-9806-D312C17B9F2F}.Debug|Any CPU.Build.0 = Debug|Any CPU
		{10837CB4-3C60-42EF-9806-D312C17B9F2F}.LiveHost|Any CPU.ActiveCfg = LiveHost|Any CPU
		{10837CB4-3C60-42EF-9806-D312C17B9F2F}.LiveHost|Any CPU.Build.0 = LiveHost|Any CPU
		{10837CB4-3C60-42EF-9806-D312C17B9F2F}.Release|Any CPU.ActiveCfg = Release|Any CPU
		{10837CB4-3C60-42EF-9806-D312C17B9F2F}.Release|Any CPU.Build.0 = Release|Any CPU
		{10837CB4-3C60-42EF-9806-D312C17B9F2F}.Staging|Any CPU.ActiveCfg = Staging|Any CPU
		{10837CB4-3C60-42EF-9806-D312C17B9F2F}.Staging|Any CPU.Build.0 = Staging|Any CPU
	EndGlobalSection
	GlobalSection(SolutionProperties) = preSolution
		HideSolutionNode = FALSE
	EndGlobalSection
	GlobalSection(NestedProjects) = preSolution
		{64D9031E-7B58-4C75-958A-AEDFA0E02BA5} = {E35A5057-A648-4345-A2EA-1153DA2525E1}
		{D302E495-CD8F-4A5D-8F7C-A403C89B1EE4} = {E35A5057-A648-4345-A2EA-1153DA2525E1}
		{ADE0F4CD-B1F8-4AFE-BB04-7C913F514D0D} = {E35A5057-A648-4345-A2EA-1153DA2525E1}
		{EC499455-D89E-4CE4-8F1B-6CDE6F895961} = {E35A5057-A648-4345-A2EA-1153DA2525E1}
		{10E6D16E-97B6-480B-9800-93351A619646} = {E35A5057-A648-4345-A2EA-1153DA2525E1}
		{2A3F0F28-1F8F-432E-9EDD-269D8460F40A} = {EC499455-D89E-4CE4-8F1B-6CDE6F895961}
		{9CF4AAA8-6C3D-4449-96FA-D019C6DE8A25} = {EC499455-D89E-4CE4-8F1B-6CDE6F895961}
		{B3DB67F3-9A53-4452-A8CC-3F1E5F48211B} = {EC499455-D89E-4CE4-8F1B-6CDE6F895961}
		{4A10F6F8-6A15-490C-B222-BE5DFA4775F9} = {D302E495-CD8F-4A5D-8F7C-A403C89B1EE4}
		{F9A6F065-D2B5-492F-976E-D6874FBEC54C} = {64D9031E-7B58-4C75-958A-AEDFA0E02BA5}
		{A28299D4-4023-4ADD-B7E4-1303A60308BD} = {64D9031E-7B58-4C75-958A-AEDFA0E02BA5}
		{202C8B97-9665-47FE-9D8B-7E46F4D7B5D8} = {D302E495-CD8F-4A5D-8F7C-A403C89B1EE4}
		{DEE88B7D-705F-467D-9828-B4705B59AE12} = {10E6D16E-97B6-480B-9800-93351A619646}
		{41092B11-7B66-4638-97E2-60BBCE803642} = {1D458098-704C-48C2-BCB2-0EDF5B22AE64}
		{1F5DE704-3403-418A-9DCF-E70C355D0B46} = {1D458098-704C-48C2-BCB2-0EDF5B22AE64}
		{641EA8D9-5D6B-4290-90AB-B2B1DEEE18AE} = {1D458098-704C-48C2-BCB2-0EDF5B22AE64}
		{324A26E8-6703-447A-BAF8-C3595AF2DA2B} = {1D458098-704C-48C2-BCB2-0EDF5B22AE64}
		{E93DA7B3-A68A-478E-8ED1-19E40F2896B9} = {1D458098-704C-48C2-BCB2-0EDF5B22AE64}
		{5594D8DB-0D82-4CB7-B868-9B3CE680037A} = {41092B11-7B66-4638-97E2-60BBCE803642}
		{6EB4DCA8-EBC3-40E6-BE52-0B2BDE145A27} = {41092B11-7B66-4638-97E2-60BBCE803642}
		{504D9334-9367-4535-925B-CCB7574CE350} = {1F5DE704-3403-418A-9DCF-E70C355D0B46}
		{2788A1DA-3298-4635-8AAB-064B5EA773C8} = {1F5DE704-3403-418A-9DCF-E70C355D0B46}
		{9DFCE647-E7AB-4B9F-A838-21DAE1FF85DC} = {324A26E8-6703-447A-BAF8-C3595AF2DA2B}
		{B11E84DB-B3CE-437C-AFDA-39A3DEDD1584} = {324A26E8-6703-447A-BAF8-C3595AF2DA2B}
		{C3445A49-084D-4FC2-B1BB-DCE676B52618} = {324A26E8-6703-447A-BAF8-C3595AF2DA2B}
		{E2A23DDD-85C0-48D5-8CF4-39C069B5A6B7} = {E93DA7B3-A68A-478E-8ED1-19E40F2896B9}
		{91AC798F-87C5-4964-8CEB-0A4621FF5134} = {41092B11-7B66-4638-97E2-60BBCE803642}
		{9A10D4C3-04DE-4F73-AE0F-0EFC1ECAC49E} = {641EA8D9-5D6B-4290-90AB-B2B1DEEE18AE}
		{25D668E5-7585-47D7-8AB6-2FD4AC3F8565} = {D302E495-CD8F-4A5D-8F7C-A403C89B1EE4}
		{10837CB4-3C60-42EF-9806-D312C17B9F2F} = {1F5DE704-3403-418A-9DCF-E70C355D0B46}
	EndGlobalSection
EndGlobal
